
Microsoft Visual Studio Solution File, Format Version 12.00
# Visual Studio Version 16
VisualStudioVersion = 25.0.1706.9
MinimumVisualStudioVersion = 10.0.40219.1
Project("{FAE04EC0-301F-11D3-BF4B-00C04F79EFBC}") = "Params , overloading Task", "Params , overloading Task\Params , overloading Task.csproj", "{70AB58BD-FE54-4E3A-A532-AC6BB24E5278}"
EndProject
Global
	GlobalSection(SolutionConfigurationPlatforms) = preSolution
		Debug|Any CPU = Debug|Any CPU
		Release|Any CPU = Release|Any CPU
	EndGlobalSection
	GlobalSection(ProjectConfigurationPlatforms) = postSolution
		{70AB58BD-FE54-4E3A-A532-AC6BB24E5278}.Debug|Any CPU.ActiveCfg = Debug|Any CPU
		{70AB58BD-FE54-4E3A-A532-AC6BB24E5278}.Debug|Any CPU.Build.0 = Debug|Any CPU
		{70AB58BD-FE54-4E3A-A532-AC6BB24E5278}.Release|Any CPU.ActiveCfg = Release|Any CPU
		{70AB58BD-FE54-4E3A-A532-AC6BB24E5278}.Release|Any CPU.Build.0 = Release|Any CPU
	EndGlobalSection
	GlobalSection(SolutionProperties) = preSolution
		HideSolutionNode = FALSE
	EndGlobalSection
	GlobalSection(ExtensibilityGlobals) = postSolution
		SolutionGuid = {89437D75-37CB-4F7D-B9BC-5E01856320EF}
	EndGlobalSection
EndGlobal
